
Microsoft Visual Studio Solution File, Format Version 12.00
# Visual Studio 15
VisualStudioVersion = 15.0.28010.2003
MinimumVisualStudioVersion = 10.0.40219.1
Project("{9A19103F-16F7-4668-BE54-9A1E7A4F7556}") = "Sapher", "Sapher\src\Sapher.csproj", "{DF0824C5-68F8-4AAE-8286-E963E50F67F6}"
EndProject
Project("{9A19103F-16F7-4668-BE54-9A1E7A4F7556}") = "TestConsole", "Sapher\tests\TestConsole\TestConsole.csproj", "{D9BC89D7-6C40-4703-99A9-E93B9EF612CA}"
EndProject
Project("{9A19103F-16F7-4668-BE54-9A1E7A4F7556}") = "Sapher.Persistence", "Sapher.Persistence\Sapher.Persistence.csproj", "{C8BCB31D-2C12-4ED1-9CD7-A3E36B65B1A2}"
EndProject
Global
	GlobalSection(SolutionConfigurationPlatforms) = preSolution
		Debug|Any CPU = Debug|Any CPU
		Release|Any CPU = Release|Any CPU
	EndGlobalSection
	GlobalSection(ProjectConfigurationPlatforms) = postSolution
		{DF0824C5-68F8-4AAE-8286-E963E50F67F6}.Debug|Any CPU.ActiveCfg = Debug|Any CPU
		{DF0824C5-68F8-4AAE-8286-E963E50F67F6}.Debug|Any CPU.Build.0 = Debug|Any CPU
		{DF0824C5-68F8-4AAE-8286-E963E50F67F6}.Release|Any CPU.ActiveCfg = Release|Any CPU
		{DF0824C5-68F8-4AAE-8286-E963E50F67F6}.Release|Any CPU.Build.0 = Release|Any CPU
		{D9BC89D7-6C40-4703-99A9-E93B9EF612CA}.Debug|Any CPU.ActiveCfg = Debug|Any CPU
		{D9BC89D7-6C40-4703-99A9-E93B9EF612CA}.Debug|Any CPU.Build.0 = Debug|Any CPU
		{D9BC89D7-6C40-4703-99A9-E93B9EF612CA}.Release|Any CPU.ActiveCfg = Release|Any CPU
		{D9BC89D7-6C40-4703-99A9-E93B9EF612CA}.Release|Any CPU.Build.0 = Release|Any CPU
		{C8BCB31D-2C12-4ED1-9CD7-A3E36B65B1A2}.Debug|Any CPU.ActiveCfg = Debug|Any CPU
		{C8BCB31D-2C12-4ED1-9CD7-A3E36B65B1A2}.Debug|Any CPU.Build.0 = Debug|Any CPU
		{C8BCB31D-2C12-4ED1-9CD7-A3E36B65B1A2}.Release|Any CPU.ActiveCfg = Release|Any CPU
		{C8BCB31D-2C12-4ED1-9CD7-A3E36B65B1A2}.Release|Any CPU.Build.0 = Release|Any CPU
	EndGlobalSection
	GlobalSection(SolutionProperties) = preSolution
		HideSolutionNode = FALSE
	EndGlobalSection
	GlobalSection(ExtensibilityGlobals) = postSolution
		SolutionGuid = {589A2EC3-738D-493E-95DD-FABB7DAC8CB1}
	EndGlobalSection
EndGlobal
