
Microsoft Visual Studio Solution File, Format Version 12.00
# Visual Studio 15
VisualStudioVersion = 15.0.28010.2003
MinimumVisualStudioVersion = 10.0.40219.1
Project("{9A19103F-16F7-4668-BE54-9A1E7A4F7556}") = "UsageSample", "UsageSample.csproj", "{AA9E969B-ABBF-42FF-8F8C-B300E71A3E79}"
EndProject
Global
	GlobalSection(SolutionConfigurationPlatforms) = preSolution
		Debug|Any CPU = Debug|Any CPU
		Release|Any CPU = Release|Any CPU
	EndGlobalSection
	GlobalSection(ProjectConfigurationPlatforms) = postSolution
		{AA9E969B-ABBF-42FF-8F8C-B300E71A3E79}.Debug|Any CPU.ActiveCfg = Debug|Any CPU
		{AA9E969B-ABBF-42FF-8F8C-B300E71A3E79}.Debug|Any CPU.Build.0 = Debug|Any CPU
		{AA9E969B-ABBF-42FF-8F8C-B300E71A3E79}.Release|Any CPU.ActiveCfg = Release|Any CPU
		{AA9E969B-ABBF-42FF-8F8C-B300E71A3E79}.Release|Any CPU.Build.0 = Release|Any CPU
	EndGlobalSection
	GlobalSection(SolutionProperties) = preSolution
		HideSolutionNode = FALSE
	EndGlobalSection
	GlobalSection(ExtensibilityGlobals) = postSolution
		SolutionGuid = {677E0F06-6943-4E85-BBD4-7CDC36E252B9}
	EndGlobalSection
EndGlobal
